// !$*UTF8*$!
{
	archiveVersion = 1;
	classes = {
	};
	objectVersion = 50;
	objects = {

/* Begin PBXBuildFile section */
		043C127320A72FC700086E32 /* DefaultValues.swift in Sources */ = {isa = PBXBuildFile; fileRef = 043C127220A72FC700086E32 /* DefaultValues.swift */; };
		043C127620A72FF600086E32 /* DefaultStringIfNilActionTest.swift in Sources */ = {isa = PBXBuildFile; fileRef = 043C127520A72FF600086E32 /* DefaultStringIfNilActionTest.swift */; };
		043C127820A730FB00086E32 /* DefaultBoolIfNilActionTest.swift in Sources */ = {isa = PBXBuildFile; fileRef = 043C127720A730FB00086E32 /* DefaultBoolIfNilActionTest.swift */; };
		043C127A20A731DB00086E32 /* DefaultDateIfNilActionTest.swift in Sources */ = {isa = PBXBuildFile; fileRef = 043C127920A731DB00086E32 /* DefaultDateIfNilActionTest.swift */; };
		043C127C20A731F500086E32 /* DefaultFloatIfNilActionTest.swift in Sources */ = {isa = PBXBuildFile; fileRef = 043C127B20A731F500086E32 /* DefaultFloatIfNilActionTest.swift */; };
		043C127E20A7323700086E32 /* DefaultIntIfNilActionTest.swift in Sources */ = {isa = PBXBuildFile; fileRef = 043C127D20A7323700086E32 /* DefaultIntIfNilActionTest.swift */; };
		04F00F9720A72C3200801699 /* AppDelegate.swift in Sources */ = {isa = PBXBuildFile; fileRef = 04F00F9620A72C3200801699 /* AppDelegate.swift */; };
		04F00F9920A72C3200801699 /* ViewController.swift in Sources */ = {isa = PBXBuildFile; fileRef = 04F00F9820A72C3200801699 /* ViewController.swift */; };
		04F00F9C20A72C3200801699 /* Main.storyboard in Resources */ = {isa = PBXBuildFile; fileRef = 04F00F9A20A72C3200801699 /* Main.storyboard */; };
		04F00F9E20A72C3300801699 /* Assets.xcassets in Resources */ = {isa = PBXBuildFile; fileRef = 04F00F9D20A72C3300801699 /* Assets.xcassets */; };
		04F00FA120A72C3300801699 /* LaunchScreen.storyboard in Resources */ = {isa = PBXBuildFile; fileRef = 04F00F9F20A72C3300801699 /* LaunchScreen.storyboard */; };
		04F00FAC20A72C3400801699 /* FormsBoilerTests.swift in Sources */ = {isa = PBXBuildFile; fileRef = 04F00FAB20A72C3400801699 /* FormsBoilerTests.swift */; };
		1EC3F095B35BD657EAC4F672 /* Pods_FormsBoiler.framework in Frameworks */ = {isa = PBXBuildFile; fileRef = DEC15DE32DA1CD93917B6E2F /* Pods_FormsBoiler.framework */; };
		FDEE374DD105CD549CA13F5D /* Pods_FormsBoilerTests.framework in Frameworks */ = {isa = PBXBuildFile; fileRef = 244C5EEF441853517342008B /* Pods_FormsBoilerTests.framework */; };
/* End PBXBuildFile section */

/* Begin PBXContainerItemProxy section */
		04F00FA820A72C3400801699 /* PBXContainerItemProxy */ = {
			isa = PBXContainerItemProxy;
			containerPortal = 04F00F8B20A72C3200801699 /* Project object */;
			proxyType = 1;
			remoteGlobalIDString = 04F00F9220A72C3200801699;
			remoteInfo = FormsBoiler;
		};
/* End PBXContainerItemProxy section */

/* Begin PBXFileReference section */
		043C127220A72FC700086E32 /* DefaultValues.swift */ = {isa = PBXFileReference; lastKnownFileType = sourcecode.swift; path = DefaultValues.swift; sourceTree = "<group>"; };
		043C127520A72FF600086E32 /* DefaultStringIfNilActionTest.swift */ = {isa = PBXFileReference; lastKnownFileType = sourcecode.swift; path = DefaultStringIfNilActionTest.swift; sourceTree = "<group>"; };
		043C127720A730FB00086E32 /* DefaultBoolIfNilActionTest.swift */ = {isa = PBXFileReference; lastKnownFileType = sourcecode.swift; path = DefaultBoolIfNilActionTest.swift; sourceTree = "<group>"; };
		043C127920A731DB00086E32 /* DefaultDateIfNilActionTest.swift */ = {isa = PBXFileReference; lastKnownFileType = sourcecode.swift; path = DefaultDateIfNilActionTest.swift; sourceTree = "<group>"; };
		043C127B20A731F500086E32 /* DefaultFloatIfNilActionTest.swift */ = {isa = PBXFileReference; lastKnownFileType = sourcecode.swift; path = DefaultFloatIfNilActionTest.swift; sourceTree = "<group>"; };
		043C127D20A7323700086E32 /* DefaultIntIfNilActionTest.swift */ = {isa = PBXFileReference; lastKnownFileType = sourcecode.swift; path = DefaultIntIfNilActionTest.swift; sourceTree = "<group>"; };
		04F00F9320A72C3200801699 /* FormsBoiler.app */ = {isa = PBXFileReference; explicitFileType = wrapper.application; includeInIndex = 0; path = FormsBoiler.app; sourceTree = BUILT_PRODUCTS_DIR; };
		04F00F9620A72C3200801699 /* AppDelegate.swift */ = {isa = PBXFileReference; lastKnownFileType = sourcecode.swift; path = AppDelegate.swift; sourceTree = "<group>"; };
		04F00F9820A72C3200801699 /* ViewController.swift */ = {isa = PBXFileReference; lastKnownFileType = sourcecode.swift; path = ViewController.swift; sourceTree = "<group>"; };
		04F00F9B20A72C3200801699 /* Base */ = {isa = PBXFileReference; lastKnownFileType = file.storyboard; name = Base; path = Base.lproj/Main.storyboard; sourceTree = "<group>"; };
		04F00F9D20A72C3300801699 /* Assets.xcassets */ = {isa = PBXFileReference; lastKnownFileType = folder.assetcatalog; path = Assets.xcassets; sourceTree = "<group>"; };
		04F00FA020A72C3300801699 /* Base */ = {isa = PBXFileReference; lastKnownFileType = file.storyboard; name = Base; path = Base.lproj/LaunchScreen.storyboard; sourceTree = "<group>"; };
		04F00FA220A72C3300801699 /* Info.plist */ = {isa = PBXFileReference; lastKnownFileType = text.plist.xml; path = Info.plist; sourceTree = "<group>"; };
		04F00FA720A72C3400801699 /* FormsBoilerTests.xctest */ = {isa = PBXFileReference; explicitFileType = wrapper.cfbundle; includeInIndex = 0; path = FormsBoilerTests.xctest; sourceTree = BUILT_PRODUCTS_DIR; };
		04F00FAB20A72C3400801699 /* FormsBoilerTests.swift */ = {isa = PBXFileReference; lastKnownFileType = sourcecode.swift; path = FormsBoilerTests.swift; sourceTree = "<group>"; };
		04F00FAD20A72C3400801699 /* Info.plist */ = {isa = PBXFileReference; lastKnownFileType = text.plist.xml; path = Info.plist; sourceTree = "<group>"; };
		244C5EEF441853517342008B /* Pods_FormsBoilerTests.framework */ = {isa = PBXFileReference; explicitFileType = wrapper.framework; includeInIndex = 0; path = Pods_FormsBoilerTests.framework; sourceTree = BUILT_PRODUCTS_DIR; };
		4C60166C2E448031D4E7FCC2 /* Pods-FormsBoiler.debug.xcconfig */ = {isa = PBXFileReference; includeInIndex = 1; lastKnownFileType = text.xcconfig; name = "Pods-FormsBoiler.debug.xcconfig"; path = "Pods/Target Support Files/Pods-FormsBoiler/Pods-FormsBoiler.debug.xcconfig"; sourceTree = "<group>"; };
		625404530E16CB5E42927120 /* Pods-FormsBoilerTests.release.xcconfig */ = {isa = PBXFileReference; includeInIndex = 1; lastKnownFileType = text.xcconfig; name = "Pods-FormsBoilerTests.release.xcconfig"; path = "Pods/Target Support Files/Pods-FormsBoilerTests/Pods-FormsBoilerTests.release.xcconfig"; sourceTree = "<group>"; };
		D7340191AD00E68BF410BE98 /* Pods-FormsBoilerTests.debug.xcconfig */ = {isa = PBXFileReference; includeInIndex = 1; lastKnownFileType = text.xcconfig; name = "Pods-FormsBoilerTests.debug.xcconfig"; path = "Pods/Target Support Files/Pods-FormsBoilerTests/Pods-FormsBoilerTests.debug.xcconfig"; sourceTree = "<group>"; };
		DEC15DE32DA1CD93917B6E2F /* Pods_FormsBoiler.framework */ = {isa = PBXFileReference; explicitFileType = wrapper.framework; includeInIndex = 0; path = Pods_FormsBoiler.framework; sourceTree = BUILT_PRODUCTS_DIR; };
		F4A78186D5EABC05DC4DF929 /* Pods-FormsBoiler.release.xcconfig */ = {isa = PBXFileReference; includeInIndex = 1; lastKnownFileType = text.xcconfig; name = "Pods-FormsBoiler.release.xcconfig"; path = "Pods/Target Support Files/Pods-FormsBoiler/Pods-FormsBoiler.release.xcconfig"; sourceTree = "<group>"; };
/* End PBXFileReference section */

/* Begin PBXFrameworksBuildPhase section */
		04F00F9020A72C3200801699 /* Frameworks */ = {
			isa = PBXFrameworksBuildPhase;
			buildActionMask = 2147483647;
			files = (
				1EC3F095B35BD657EAC4F672 /* Pods_FormsBoiler.framework in Frameworks */,
			);
			runOnlyForDeploymentPostprocessing = 0;
		};
		04F00FA420A72C3400801699 /* Frameworks */ = {
			isa = PBXFrameworksBuildPhase;
			buildActionMask = 2147483647;
			files = (
				FDEE374DD105CD549CA13F5D /* Pods_FormsBoilerTests.framework in Frameworks */,
			);
			runOnlyForDeploymentPostprocessing = 0;
		};
/* End PBXFrameworksBuildPhase section */

/* Begin PBXGroup section */
		043C127020A72FA300086E32 /* Utils */ = {
			isa = PBXGroup;
			children = (
				043C127420A72FE600086E32 /* DefaultValues */,
			);
			path = Utils;
			sourceTree = "<group>";
		};
		043C127120A72FB700086E32 /* Utils */ = {
			isa = PBXGroup;
			children = (
				043C127220A72FC700086E32 /* DefaultValues.swift */,
			);
			path = Utils;
			sourceTree = "<group>";
		};
		043C127420A72FE600086E32 /* DefaultValues */ = {
			isa = PBXGroup;
			children = (
				043C127520A72FF600086E32 /* DefaultStringIfNilActionTest.swift */,
				043C127720A730FB00086E32 /* DefaultBoolIfNilActionTest.swift */,
				043C127920A731DB00086E32 /* DefaultDateIfNilActionTest.swift */,
				043C127B20A731F500086E32 /* DefaultFloatIfNilActionTest.swift */,
				043C127D20A7323700086E32 /* DefaultIntIfNilActionTest.swift */,
			);
			path = DefaultValues;
			sourceTree = "<group>";
		};
		04F00F8A20A72C3200801699 = {
			isa = PBXGroup;
			children = (
				04F00F9520A72C3200801699 /* FormsBoiler */,
				04F00FAA20A72C3400801699 /* FormsBoilerTests */,
				04F00F9420A72C3200801699 /* Products */,
				5E6904E3B181CDF499E2707A /* Pods */,
				A772BB96917EBF77F664CD3D /* Frameworks */,
			);
			sourceTree = "<group>";
		};
		04F00F9420A72C3200801699 /* Products */ = {
			isa = PBXGroup;
			children = (
				04F00F9320A72C3200801699 /* FormsBoiler.app */,
				04F00FA720A72C3400801699 /* FormsBoilerTests.xctest */,
			);
			name = Products;
			sourceTree = "<group>";
		};
		04F00F9520A72C3200801699 /* FormsBoiler */ = {
			isa = PBXGroup;
			children = (
				04F00F9620A72C3200801699 /* AppDelegate.swift */,
				04F00F9820A72C3200801699 /* ViewController.swift */,
				04F00F9A20A72C3200801699 /* Main.storyboard */,
				04F00F9D20A72C3300801699 /* Assets.xcassets */,
				04F00F9F20A72C3300801699 /* LaunchScreen.storyboard */,
				043C127120A72FB700086E32 /* Utils */,
				04F00FA220A72C3300801699 /* Info.plist */,
			);
			path = FormsBoiler;
			sourceTree = "<group>";
		};
		04F00FAA20A72C3400801699 /* FormsBoilerTests */ = {
			isa = PBXGroup;
			children = (
				043C127020A72FA300086E32 /* Utils */,
				04F00FAB20A72C3400801699 /* FormsBoilerTests.swift */,
				04F00FAD20A72C3400801699 /* Info.plist */,
			);
			path = FormsBoilerTests;
			sourceTree = "<group>";
		};
		5E6904E3B181CDF499E2707A /* Pods */ = {
			isa = PBXGroup;
			children = (
				4C60166C2E448031D4E7FCC2 /* Pods-FormsBoiler.debug.xcconfig */,
				F4A78186D5EABC05DC4DF929 /* Pods-FormsBoiler.release.xcconfig */,
				D7340191AD00E68BF410BE98 /* Pods-FormsBoilerTests.debug.xcconfig */,
				625404530E16CB5E42927120 /* Pods-FormsBoilerTests.release.xcconfig */,
			);
			name = Pods;
			sourceTree = "<group>";
		};
		A772BB96917EBF77F664CD3D /* Frameworks */ = {
			isa = PBXGroup;
			children = (
				DEC15DE32DA1CD93917B6E2F /* Pods_FormsBoiler.framework */,
				244C5EEF441853517342008B /* Pods_FormsBoilerTests.framework */,
			);
			name = Frameworks;
			sourceTree = "<group>";
		};
/* End PBXGroup section */

/* Begin PBXNativeTarget section */
		04F00F9220A72C3200801699 /* FormsBoiler */ = {
			isa = PBXNativeTarget;
			buildConfigurationList = 04F00FB020A72C3400801699 /* Build configuration list for PBXNativeTarget "FormsBoiler" */;
			buildPhases = (
				DC37A7E1EA0A2C6E3B63373B /* [CP] Check Pods Manifest.lock */,
				04F00F8F20A72C3200801699 /* Sources */,
				04F00F9020A72C3200801699 /* Frameworks */,
				04F00F9120A72C3200801699 /* Resources */,
				3B8F30E0B254AF4FE5C1E560 /* [CP] Embed Pods Frameworks */,
				E73FE09D1B82168C5A490D40 /* [CP] Copy Pods Resources */,
			);
			buildRules = (
			);
			dependencies = (
			);
			name = FormsBoiler;
			productName = FormsBoiler;
			productReference = 04F00F9320A72C3200801699 /* FormsBoiler.app */;
			productType = "com.apple.product-type.application";
		};
		04F00FA620A72C3400801699 /* FormsBoilerTests */ = {
			isa = PBXNativeTarget;
			buildConfigurationList = 04F00FB320A72C3400801699 /* Build configuration list for PBXNativeTarget "FormsBoilerTests" */;
			buildPhases = (
				05C1239282D94288258841E6 /* [CP] Check Pods Manifest.lock */,
				04F00FA320A72C3400801699 /* Sources */,
				04F00FA420A72C3400801699 /* Frameworks */,
				04F00FA520A72C3400801699 /* Resources */,
				FEDAB6F7FA6E28120F005A66 /* [CP] Embed Pods Frameworks */,
				A760F44AED97124A3122B692 /* [CP] Copy Pods Resources */,
			);
			buildRules = (
			);
			dependencies = (
				04F00FA920A72C3400801699 /* PBXTargetDependency */,
			);
			name = FormsBoilerTests;
			productName = FormsBoilerTests;
			productReference = 04F00FA720A72C3400801699 /* FormsBoilerTests.xctest */;
			productType = "com.apple.product-type.bundle.unit-test";
		};
/* End PBXNativeTarget section */

/* Begin PBXProject section */
		04F00F8B20A72C3200801699 /* Project object */ = {
			isa = PBXProject;
			attributes = {
				LastSwiftUpdateCheck = 0930;
				LastUpgradeCheck = 0930;
				ORGANIZATIONNAME = Gabe;
				TargetAttributes = {
					04F00F9220A72C3200801699 = {
						CreatedOnToolsVersion = 9.3;
					};
					04F00FA620A72C3400801699 = {
						CreatedOnToolsVersion = 9.3;
						TestTargetID = 04F00F9220A72C3200801699;
					};
				};
			};
			buildConfigurationList = 04F00F8E20A72C3200801699 /* Build configuration list for PBXProject "FormsBoiler" */;
			compatibilityVersion = "Xcode 9.3";
			developmentRegion = en;
			hasScannedForEncodings = 0;
			knownRegions = (
				en,
				Base,
			);
			mainGroup = 04F00F8A20A72C3200801699;
			productRefGroup = 04F00F9420A72C3200801699 /* Products */;
			projectDirPath = "";
			projectRoot = "";
			targets = (
				04F00F9220A72C3200801699 /* FormsBoiler */,
				04F00FA620A72C3400801699 /* FormsBoilerTests */,
			);
		};
/* End PBXProject section */

/* Begin PBXResourcesBuildPhase section */
		04F00F9120A72C3200801699 /* Resources */ = {
			isa = PBXResourcesBuildPhase;
			buildActionMask = 2147483647;
			files = (
				04F00FA120A72C3300801699 /* LaunchScreen.storyboard in Resources */,
				04F00F9E20A72C3300801699 /* Assets.xcassets in Resources */,
				04F00F9C20A72C3200801699 /* Main.storyboard in Resources */,
			);
			runOnlyForDeploymentPostprocessing = 0;
		};
		04F00FA520A72C3400801699 /* Resources */ = {
			isa = PBXResourcesBuildPhase;
			buildActionMask = 2147483647;
			files = (
			);
			runOnlyForDeploymentPostprocessing = 0;
		};
/* End PBXResourcesBuildPhase section */

/* Begin PBXShellScriptBuildPhase section */
		05C1239282D94288258841E6 /* [CP] Check Pods Manifest.lock */ = {
			isa = PBXShellScriptBuildPhase;
			buildActionMask = 2147483647;
			files = (
			);
			inputPaths = (
			);
			name = "[CP] Check Pods Manifest.lock";
			outputPaths = (
			);
			runOnlyForDeploymentPostprocessing = 0;
			shellPath = /bin/sh;
			shellScript = "diff \"${PODS_ROOT}/../Podfile.lock\" \"${PODS_ROOT}/Manifest.lock\" > /dev/null\nif [ $? != 0 ] ; then\n    # print error to STDERR\n    echo \"error: The sandbox is not in sync with the Podfile.lock. Run 'pod install' or update your CocoaPods installation.\" >&2\n    exit 1\nfi\n";
			showEnvVarsInLog = 0;
		};
		3B8F30E0B254AF4FE5C1E560 /* [CP] Embed Pods Frameworks */ = {
			isa = PBXShellScriptBuildPhase;
			buildActionMask = 2147483647;
			files = (
			);
			inputPaths = (
			);
			name = "[CP] Embed Pods Frameworks";
			outputPaths = (
			);
			runOnlyForDeploymentPostprocessing = 0;
			shellPath = /bin/sh;
			shellScript = "\"${SRCROOT}/Pods/Target Support Files/Pods-FormsBoiler/Pods-FormsBoiler-frameworks.sh\"\n";
			showEnvVarsInLog = 0;
		};
		A760F44AED97124A3122B692 /* [CP] Copy Pods Resources */ = {
			isa = PBXShellScriptBuildPhase;
			buildActionMask = 2147483647;
			files = (
			);
			inputPaths = (
			);
			name = "[CP] Copy Pods Resources";
			outputPaths = (
			);
			runOnlyForDeploymentPostprocessing = 0;
			shellPath = /bin/sh;
			shellScript = "\"${SRCROOT}/Pods/Target Support Files/Pods-FormsBoilerTests/Pods-FormsBoilerTests-resources.sh\"\n";
			showEnvVarsInLog = 0;
		};
		DC37A7E1EA0A2C6E3B63373B /* [CP] Check Pods Manifest.lock */ = {
			isa = PBXShellScriptBuildPhase;
			buildActionMask = 2147483647;
			files = (
			);
			inputPaths = (
			);
			name = "[CP] Check Pods Manifest.lock";
			outputPaths = (
			);
			runOnlyForDeploymentPostprocessing = 0;
			shellPath = /bin/sh;
			shellScript = "diff \"${PODS_ROOT}/../Podfile.lock\" \"${PODS_ROOT}/Manifest.lock\" > /dev/null\nif [ $? != 0 ] ; then\n    # print error to STDERR\n    echo \"error: The sandbox is not in sync with the Podfile.lock. Run 'pod install' or update your CocoaPods installation.\" >&2\n    exit 1\nfi\n";
			showEnvVarsInLog = 0;
		};
		E73FE09D1B82168C5A490D40 /* [CP] Copy Pods Resources */ = {
			isa = PBXShellScriptBuildPhase;
			buildActionMask = 2147483647;
			files = (
			);
			inputPaths = (
			);
			name = "[CP] Copy Pods Resources";
			outputPaths = (
			);
			runOnlyForDeploymentPostprocessing = 0;
			shellPath = /bin/sh;
			shellScript = "\"${SRCROOT}/Pods/Target Support Files/Pods-FormsBoiler/Pods-FormsBoiler-resources.sh\"\n";
			showEnvVarsInLog = 0;
		};
		FEDAB6F7FA6E28120F005A66 /* [CP] Embed Pods Frameworks */ = {
			isa = PBXShellScriptBuildPhase;
			buildActionMask = 2147483647;
			files = (
			);
			inputPaths = (
			);
			name = "[CP] Embed Pods Frameworks";
			outputPaths = (
			);
			runOnlyForDeploymentPostprocessing = 0;
			shellPath = /bin/sh;
			shellScript = "\"${SRCROOT}/Pods/Target Support Files/Pods-FormsBoilerTests/Pods-FormsBoilerTests-frameworks.sh\"\n";
			showEnvVarsInLog = 0;
		};
/* End PBXShellScriptBuildPhase section */

/* Begin PBXSourcesBuildPhase section */
		04F00F8F20A72C3200801699 /* Sources */ = {
			isa = PBXSourcesBuildPhase;
			buildActionMask = 2147483647;
			files = (
				04F00F9920A72C3200801699 /* ViewController.swift in Sources */,
				043C127320A72FC700086E32 /* DefaultValues.swift in Sources */,
				04F00F9720A72C3200801699 /* AppDelegate.swift in Sources */,
			);
			runOnlyForDeploymentPostprocessing = 0;
		};
		04F00FA320A72C3400801699 /* Sources */ = {
			isa = PBXSourcesBuildPhase;
			buildActionMask = 2147483647;
			files = (
				043C127A20A731DB00086E32 /* DefaultDateIfNilActionTest.swift in Sources */,
				043C127C20A731F500086E32 /* DefaultFloatIfNilActionTest.swift in Sources */,
				043C127E20A7323700086E32 /* DefaultIntIfNilActionTest.swift in Sources */,
				043C127820A730FB00086E32 /* DefaultBoolIfNilActionTest.swift in Sources */,
				04F00FAC20A72C3400801699 /* FormsBoilerTests.swift in Sources */,
				043C127620A72FF600086E32 /* DefaultStringIfNilActionTest.swift in Sources */,
			);
			runOnlyForDeploymentPostprocessing = 0;
		};
/* End PBXSourcesBuildPhase section */

/* Begin PBXTargetDependency section */
		04F00FA920A72C3400801699 /* PBXTargetDependency */ = {
			isa = PBXTargetDependency;
			target = 04F00F9220A72C3200801699 /* FormsBoiler */;
			targetProxy = 04F00FA820A72C3400801699 /* PBXContainerItemProxy */;
		};
/* End PBXTargetDependency section */

/* Begin PBXVariantGroup section */
		04F00F9A20A72C3200801699 /* Main.storyboard */ = {
			isa = PBXVariantGroup;
			children = (
				04F00F9B20A72C3200801699 /* Base */,
			);
			name = Main.storyboard;
			sourceTree = "<group>";
		};
		04F00F9F20A72C3300801699 /* LaunchScreen.storyboard */ = {
			isa = PBXVariantGroup;
			children = (
				04F00FA020A72C3300801699 /* Base */,
			);
			name = LaunchScreen.storyboard;
			sourceTree = "<group>";
		};
/* End PBXVariantGroup section */

/* Begin XCBuildConfiguration section */
		04F00FAE20A72C3400801699 /* Debug */ = {
			isa = XCBuildConfiguration;
			buildSettings = {
				ALWAYS_SEARCH_USER_PATHS = NO;
				CLANG_ANALYZER_NONNULL = YES;
				CLANG_ANALYZER_NUMBER_OBJECT_CONVERSION = YES_AGGRESSIVE;
				CLANG_CXX_LANGUAGE_STANDARD = "gnu++14";
				CLANG_CXX_LIBRARY = "libc++";
				CLANG_ENABLE_MODULES = YES;
				CLANG_ENABLE_OBJC_ARC = YES;
				CLANG_ENABLE_OBJC_WEAK = YES;
				CLANG_WARN_BLOCK_CAPTURE_AUTORELEASING = YES;
				CLANG_WARN_BOOL_CONVERSION = YES;
				CLANG_WARN_COMMA = YES;
				CLANG_WARN_CONSTANT_CONVERSION = YES;
				CLANG_WARN_DEPRECATED_OBJC_IMPLEMENTATIONS = YES;
				CLANG_WARN_DIRECT_OBJC_ISA_USAGE = YES_ERROR;
				CLANG_WARN_DOCUMENTATION_COMMENTS = YES;
				CLANG_WARN_EMPTY_BODY = YES;
				CLANG_WARN_ENUM_CONVERSION = YES;
				CLANG_WARN_INFINITE_RECURSION = YES;
				CLANG_WARN_INT_CONVERSION = YES;
				CLANG_WARN_NON_LITERAL_NULL_CONVERSION = YES;
				CLANG_WARN_OBJC_IMPLICIT_RETAIN_SELF = YES;
				CLANG_WARN_OBJC_LITERAL_CONVERSION = YES;
				CLANG_WARN_OBJC_ROOT_CLASS = YES_ERROR;
				CLANG_WARN_RANGE_LOOP_ANALYSIS = YES;
				CLANG_WARN_STRICT_PROTOTYPES = YES;
				CLANG_WARN_SUSPICIOUS_MOVE = YES;
				CLANG_WARN_UNGUARDED_AVAILABILITY = YES_AGGRESSIVE;
				CLANG_WARN_UNREACHABLE_CODE = YES;
				CLANG_WARN__DUPLICATE_METHOD_MATCH = YES;
				CODE_SIGN_IDENTITY = "iPhone Developer";
				COPY_PHASE_STRIP = NO;
				DEBUG_INFORMATION_FORMAT = dwarf;
				ENABLE_STRICT_OBJC_MSGSEND = YES;
				ENABLE_TESTABILITY = YES;
				GCC_C_LANGUAGE_STANDARD = gnu11;
				GCC_DYNAMIC_NO_PIC = NO;
				GCC_NO_COMMON_BLOCKS = YES;
				GCC_OPTIMIZATION_LEVEL = 0;
				GCC_PREPROCESSOR_DEFINITIONS = (
					"DEBUG=1",
					"$(inherited)",
				);
				GCC_WARN_64_TO_32_BIT_CONVERSION = YES;
				GCC_WARN_ABOUT_RETURN_TYPE = YES_ERROR;
				GCC_WARN_UNDECLARED_SELECTOR = YES;
				GCC_WARN_UNINITIALIZED_AUTOS = YES_AGGRESSIVE;
				GCC_WARN_UNUSED_FUNCTION = YES;
				GCC_WARN_UNUSED_VARIABLE = YES;
				IPHONEOS_DEPLOYMENT_TARGET = 11.3;
				MTL_ENABLE_DEBUG_INFO = YES;
				ONLY_ACTIVE_ARCH = YES;
				SDKROOT = iphoneos;
				SWIFT_ACTIVE_COMPILATION_CONDITIONS = DEBUG;
				SWIFT_OPTIMIZATION_LEVEL = "-Onone";
			};
			name = Debug;
		};
		04F00FAF20A72C3400801699 /* Release */ = {
			isa = XCBuildConfiguration;
			buildSettings = {
				ALWAYS_SEARCH_USER_PATHS = NO;
				CLANG_ANALYZER_NONNULL = YES;
				CLANG_ANALYZER_NUMBER_OBJECT_CONVERSION = YES_AGGRESSIVE;
				CLANG_CXX_LANGUAGE_STANDARD = "gnu++14";
				CLANG_CXX_LIBRARY = "libc++";
				CLANG_ENABLE_MODULES = YES;
				CLANG_ENABLE_OBJC_ARC = YES;
				CLANG_ENABLE_OBJC_WEAK = YES;
				CLANG_WARN_BLOCK_CAPTURE_AUTORELEASING = YES;
				CLANG_WARN_BOOL_CONVERSION = YES;
				CLANG_WARN_COMMA = YES;
				CLANG_WARN_CONSTANT_CONVERSION = YES;
				CLANG_WARN_DEPRECATED_OBJC_IMPLEMENTATIONS = YES;
				CLANG_WARN_DIRECT_OBJC_ISA_USAGE = YES_ERROR;
				CLANG_WARN_DOCUMENTATION_COMMENTS = YES;
				CLANG_WARN_EMPTY_BODY = YES;
				CLANG_WARN_ENUM_CONVERSION = YES;
				CLANG_WARN_INFINITE_RECURSION = YES;
				CLANG_WARN_INT_CONVERSION = YES;
				CLANG_WARN_NON_LITERAL_NULL_CONVERSION = YES;
				CLANG_WARN_OBJC_IMPLICIT_RETAIN_SELF = YES;
				CLANG_WARN_OBJC_LITERAL_CONVERSION = YES;
				CLANG_WARN_OBJC_ROOT_CLASS = YES_ERROR;
				CLANG_WARN_RANGE_LOOP_ANALYSIS = YES;
				CLANG_WARN_STRICT_PROTOTYPES = YES;
				CLANG_WARN_SUSPICIOUS_MOVE = YES;
				CLANG_WARN_UNGUARDED_AVAILABILITY = YES_AGGRESSIVE;
				CLANG_WARN_UNREACHABLE_CODE = YES;
				CLANG_WARN__DUPLICATE_METHOD_MATCH = YES;
				CODE_SIGN_IDENTITY = "iPhone Developer";
				COPY_PHASE_STRIP = NO;
				DEBUG_INFORMATION_FORMAT = "dwarf-with-dsym";
				ENABLE_NS_ASSERTIONS = NO;
				ENABLE_STRICT_OBJC_MSGSEND = YES;
				GCC_C_LANGUAGE_STANDARD = gnu11;
				GCC_NO_COMMON_BLOCKS = YES;
				GCC_WARN_64_TO_32_BIT_CONVERSION = YES;
				GCC_WARN_ABOUT_RETURN_TYPE = YES_ERROR;
				GCC_WARN_UNDECLARED_SELECTOR = YES;
				GCC_WARN_UNINITIALIZED_AUTOS = YES_AGGRESSIVE;
				GCC_WARN_UNUSED_FUNCTION = YES;
				GCC_WARN_UNUSED_VARIABLE = YES;
				IPHONEOS_DEPLOYMENT_TARGET = 11.3;
				MTL_ENABLE_DEBUG_INFO = NO;
				SDKROOT = iphoneos;
				SWIFT_COMPILATION_MODE = wholemodule;
				SWIFT_OPTIMIZATION_LEVEL = "-O";
				VALIDATE_PRODUCT = YES;
			};
			name = Release;
		};
		04F00FB120A72C3400801699 /* Debug */ = {
			isa = XCBuildConfiguration;
			baseConfigurationReference = 4C60166C2E448031D4E7FCC2 /* Pods-FormsBoiler.debug.xcconfig */;
			buildSettings = {
				ASSETCATALOG_COMPILER_APPICON_NAME = AppIcon;
				CODE_SIGN_STYLE = Automatic;
				DEVELOPMENT_TEAM = UJSU72ZSSJ;
				INFOPLIST_FILE = FormsBoiler/Info.plist;
				LD_RUNPATH_SEARCH_PATHS = (
					"$(inherited)",
					"@executable_path/Frameworks",
				);
				PRODUCT_BUNDLE_IDENTIFIER = br.com.gabe.FormsBoiler;
				PRODUCT_NAME = "$(TARGET_NAME)";
				SWIFT_VERSION = 4.0;
				TARGETED_DEVICE_FAMILY = "1,2";
			};
			name = Debug;
		};
		04F00FB220A72C3400801699 /* Release */ = {
			isa = XCBuildConfiguration;
			baseConfigurationReference = F4A78186D5EABC05DC4DF929 /* Pods-FormsBoiler.release.xcconfig */;
			buildSettings = {
				ASSETCATALOG_COMPILER_APPICON_NAME = AppIcon;
				CODE_SIGN_STYLE = Automatic;
				DEVELOPMENT_TEAM = UJSU72ZSSJ;
				INFOPLIST_FILE = FormsBoiler/Info.plist;
				LD_RUNPATH_SEARCH_PATHS = (
					"$(inherited)",
					"@executable_path/Frameworks",
				);
				PRODUCT_BUNDLE_IDENTIFIER = br.com.gabe.FormsBoiler;
				PRODUCT_NAME = "$(TARGET_NAME)";
				SWIFT_VERSION = 4.0;
				TARGETED_DEVICE_FAMILY = "1,2";
			};
			name = Release;
		};
		04F00FB420A72C3400801699 /* Debug */ = {
			isa = XCBuildConfiguration;
			baseConfigurationReference = D7340191AD00E68BF410BE98 /* Pods-FormsBoilerTests.debug.xcconfig */;
			buildSettings = {
				ALWAYS_EMBED_SWIFT_STANDARD_LIBRARIES = YES;
				BUNDLE_LOADER = "$(TEST_HOST)";
				CODE_SIGN_STYLE = Automatic;
				DEVELOPMENT_TEAM = UJSU72ZSSJ;
				INFOPLIST_FILE = FormsBoilerTests/Info.plist;
				LD_RUNPATH_SEARCH_PATHS = (
					"$(inherited)",
					"@executable_path/Frameworks",
					"@loader_path/Frameworks",
				);
				PRODUCT_BUNDLE_IDENTIFIER = br.com.gabe.FormsBoilerTests;
				PRODUCT_NAME = "$(TARGET_NAME)";
				SWIFT_VERSION = 4.0;
				TARGETED_DEVICE_FAMILY = "1,2";
				TEST_HOST = "$(BUILT_PRODUCTS_DIR)/FormsBoiler.app/FormsBoiler";
			};
			name = Debug;
		};
		04F00FB520A72C3400801699 /* Release */ = {
			isa = XCBuildConfiguration;
			baseConfigurationReference = 625404530E16CB5E42927120 /* Pods-FormsBoilerTests.release.xcconfig */;
			buildSettings = {
				ALWAYS_EMBED_SWIFT_STANDARD_LIBRARIES = YES;
				BUNDLE_LOADER = "$(TEST_HOST)";
				CODE_SIGN_STYLE = Automatic;
				DEVELOPMENT_TEAM = UJSU72ZSSJ;
				INFOPLIST_FILE = FormsBoilerTests/Info.plist;
				LD_RUNPATH_SEARCH_PATHS = (
					"$(inherited)",
					"@executable_path/Frameworks",
					"@loader_path/Frameworks",
				);
				PRODUCT_BUNDLE_IDENTIFIER = br.com.gabe.FormsBoilerTests;
				PRODUCT_NAME = "$(TARGET_NAME)";
				SWIFT_VERSION = 4.0;
				TARGETED_DEVICE_FAMILY = "1,2";
				TEST_HOST = "$(BUILT_PRODUCTS_DIR)/FormsBoiler.app/FormsBoiler";
			};
			name = Release;
		};
/* End XCBuildConfiguration section */

/* Begin XCConfigurationList section */
		04F00F8E20A72C3200801699 /* Build configuration list for PBXProject "FormsBoiler" */ = {
			isa = XCConfigurationList;
			buildConfigurations = (
				04F00FAE20A72C3400801699 /* Debug */,
				04F00FAF20A72C3400801699 /* Release */,
			);
			defaultConfigurationIsVisible = 0;
			defaultConfigurationName = Release;
		};
		04F00FB020A72C3400801699 /* Build configuration list for PBXNativeTarget "FormsBoiler" */ = {
			isa = XCConfigurationList;
			buildConfigurations = (
				04F00FB120A72C3400801699 /* Debug */,
				04F00FB220A72C3400801699 /* Release */,
			);
			defaultConfigurationIsVisible = 0;
			defaultConfigurationName = Release;
		};
		04F00FB320A72C3400801699 /* Build configuration list for PBXNativeTarget "FormsBoilerTests" */ = {
			isa = XCConfigurationList;
			buildConfigurations = (
				04F00FB420A72C3400801699 /* Debug */,
				04F00FB520A72C3400801699 /* Release */,
			);
			defaultConfigurationIsVisible = 0;
			defaultConfigurationName = Release;
		};
/* End XCConfigurationList section */
	};
	rootObject = 04F00F8B20A72C3200801699 /* Project object */;
}
